
Microsoft Visual Studio Solution File, Format Version 12.00
# Visual Studio 15
VisualStudioVersion = 15.0.28010.2026
MinimumVisualStudioVersion = 10.0.40219.1
Project("{FAE04EC0-301F-11D3-BF4B-00C04F79EFBC}") = "Graphics_Lab№2", "Graphics_Lab№2\Graphics_Lab№2.csproj", "{02F25B87-4F79-4024-860B-3B2EE581ECE4}"
EndProject
Global
	GlobalSection(SolutionConfigurationPlatforms) = preSolution
		Debug|Any CPU = Debug|Any CPU
		Release|Any CPU = Release|Any CPU
	EndGlobalSection
	GlobalSection(ProjectConfigurationPlatforms) = postSolution
		{02F25B87-4F79-4024-860B-3B2EE581ECE4}.Debug|Any CPU.ActiveCfg = Debug|Any CPU
		{02F25B87-4F79-4024-860B-3B2EE581ECE4}.Debug|Any CPU.Build.0 = Debug|Any CPU
		{02F25B87-4F79-4024-860B-3B2EE581ECE4}.Release|Any CPU.ActiveCfg = Release|Any CPU
		{02F25B87-4F79-4024-860B-3B2EE581ECE4}.Release|Any CPU.Build.0 = Release|Any CPU
	EndGlobalSection
	GlobalSection(SolutionProperties) = preSolution
		HideSolutionNode = FALSE
	EndGlobalSection
	GlobalSection(ExtensibilityGlobals) = postSolution
		SolutionGuid = {C35CDD16-AA34-47A8-B1BC-4C6B358ECBB7}
	EndGlobalSection
EndGlobal
